
Microsoft Visual Studio Solution File, Format Version 12.00
# Visual Studio Version 17
VisualStudioVersion = 17.14.35806.103
MinimumVisualStudioVersion = 10.0.40219.1
Project("{8BC9CEB8-8B4A-11D0-8D11-00A0C91BC942}") = "Italian Flavour 2.0", "Italian Flavour.vcxproj", "{F346608B-B2D8-47D8-A02B-8AF2F0BA25BF}"
EndProject
Global
	GlobalSection(SolutionConfigurationPlatforms) = preSolution
		Debug|x64 = Debug|x64
		Debug|x86 = Debug|x86
		Release|x64 = Release|x64
		Release|x86 = Release|x86
	EndGlobalSection
	GlobalSection(ProjectConfigurationPlatforms) = postSolution
		{F346608B-B2D8-47D8-A02B-8AF2F0BA25BF}.Debug|x64.ActiveCfg = Debug|x64
		{F346608B-B2D8-47D8-A02B-8AF2F0BA25BF}.Debug|x64.Build.0 = Debug|x64
		{F346608B-B2D8-47D8-A02B-8AF2F0BA25BF}.Debug|x86.ActiveCfg = Debug|Win32
		{F346608B-B2D8-47D8-A02B-8AF2F0BA25BF}.Debug|x86.Build.0 = Debug|Win32
		{F346608B-B2D8-47D8-A02B-8AF2F0BA25BF}.Release|x64.ActiveCfg = Release|x64
		{F346608B-B2D8-47D8-A02B-8AF2F0BA25BF}.Release|x64.Build.0 = Release|x64
		{F346608B-B2D8-47D8-A02B-8AF2F0BA25BF}.Release|x86.ActiveCfg = Release|Win32
		{F346608B-B2D8-47D8-A02B-8AF2F0BA25BF}.Release|x86.Build.0 = Release|Win32
	EndGlobalSection
	GlobalSection(SolutionProperties) = preSolution
		HideSolutionNode = FALSE
	EndGlobalSection
	GlobalSection(ExtensibilityGlobals) = postSolution
		SolutionGuid = {6F4ED86A-6FE1-449B-A0BE-88CBCE535AEA}
	EndGlobalSection
EndGlobal
